{
  "pins" : [
    {
      "identity" : "firebase-ios-sdk-xcframeworks",
      "kind" : "remoteSourceControl",
      "location" : "https://github.com/akaffenberger/firebase-ios-sdk-xcframeworks.git",
      "state" : {
        "revision" : "be007f622a8c05ed06b91fe0adb7f6fa766a050b",
        "version" : "9.6.0"
      }
    }
  ],
  "version" : 2
}
